// !$*UTF8*$!
{
	archiveVersion = 1;
	classes = {
	};
	objectVersion = 56;
	objects = {

/* Begin PBXBuildFile section */
		1F88C36F2BE6C11F00B0DC56 /* LoadingButtonView.swift in Sources */ = {isa = PBXBuildFile; fileRef = 1F88C36E2BE6C11F00B0DC56 /* LoadingButtonView.swift */; };
		1F88C3732BE6E07C00B0DC56 /* FetchPaymentByDateVM.swift in Sources */ = {isa = PBXBuildFile; fileRef = 1F88C3722BE6E07C00B0DC56 /* FetchPaymentByDateVM.swift */; };
		1F8B6D872BC24A4B0008450A /* PaymentDetailsView.swift in Sources */ = {isa = PBXBuildFile; fileRef = 1F8B6D862BC24A4B0008450A /* PaymentDetailsView.swift */; };
		1F8D1BFD2BB65DB4001286DF /* SavingsAppApp.swift in Sources */ = {isa = PBXBuildFile; fileRef = 1F8D1BFC2BB65DB4001286DF /* SavingsAppApp.swift */; };
		1F8D1C012BB65DB5001286DF /* Assets.xcassets in Resources */ = {isa = PBXBuildFile; fileRef = 1F8D1C002BB65DB5001286DF /* Assets.xcassets */; };
		1F8D1C042BB65DB5001286DF /* Preview Assets.xcassets in Resources */ = {isa = PBXBuildFile; fileRef = 1F8D1C032BB65DB5001286DF /* Preview Assets.xcassets */; };
		1F8D1C0E2BB65DB5001286DF /* SavingsAppTests.swift in Sources */ = {isa = PBXBuildFile; fileRef = 1F8D1C0D2BB65DB5001286DF /* SavingsAppTests.swift */; };
		1F8D1C182BB65DB5001286DF /* SavingsAppUITests.swift in Sources */ = {isa = PBXBuildFile; fileRef = 1F8D1C172BB65DB5001286DF /* SavingsAppUITests.swift */; };
		1F8D1C1A2BB65DB5001286DF /* SavingsAppUITestsLaunchTests.swift in Sources */ = {isa = PBXBuildFile; fileRef = 1F8D1C192BB65DB5001286DF /* SavingsAppUITestsLaunchTests.swift */; };
		1F8EC0382C0E3E2600EEC352 /* CalendarSectionTests.swift in Sources */ = {isa = PBXBuildFile; fileRef = 1F8EC0372C0E3E2600EEC352 /* CalendarSectionTests.swift */; };
		1F9125D42BE8306300A225AE /* PaymentRegistryDTO.swift in Sources */ = {isa = PBXBuildFile; fileRef = 1F9125D32BE8306300A225AE /* PaymentRegistryDTO.swift */; };
		1F9125DC2BE871A500A225AE /* PaymentDetailsVM.swift in Sources */ = {isa = PBXBuildFile; fileRef = 1F9125DB2BE871A400A225AE /* PaymentDetailsVM.swift */; };
		1F91B3EE2C2BA1330000D63B /* Localizable.xcstrings in Resources */ = {isa = PBXBuildFile; fileRef = 1F91B3ED2C2BA1330000D63B /* Localizable.xcstrings */; };
		1F93A5922BC9C553006A5300 /* CalendarSectionVM.swift in Sources */ = {isa = PBXBuildFile; fileRef = 1F93A5912BC9C553006A5300 /* CalendarSectionVM.swift */; };
		1F93A5952BC9C70B006A5300 /* Date+Formatter.swift in Sources */ = {isa = PBXBuildFile; fileRef = 1F93A5942BC9C70B006A5300 /* Date+Formatter.swift */; };
		1F96C6C32BBBAF590089578D /* AddPaymentView.swift in Sources */ = {isa = PBXBuildFile; fileRef = 1F96C6C22BBBAF590089578D /* AddPaymentView.swift */; };
		1F97A3DB2C509F750044C842 /* RegisterRecurringPayment.swift in Sources */ = {isa = PBXBuildFile; fileRef = 1F97A3DA2C509F750044C842 /* RegisterRecurringPayment.swift */; };
		1F97A3E02C50C5F50044C842 /* RecurringRegistryDTO.swift in Sources */ = {isa = PBXBuildFile; fileRef = 1F97A3DF2C50C5F50044C842 /* RecurringRegistryDTO.swift */; };
		1F9983A92BE47F6E00B38C24 /* RegisterPaymentVM.swift in Sources */ = {isa = PBXBuildFile; fileRef = 1F9983A82BE47F6E00B38C24 /* RegisterPaymentVM.swift */; };
		1F9983AF2BE482FB00B38C24 /* RegisterPaymentUseCase.swift in Sources */ = {isa = PBXBuildFile; fileRef = 1F9983AE2BE482FB00B38C24 /* RegisterPaymentUseCase.swift */; };
		1F9983B12BE4831300B38C24 /* FetchPaymentByNameUseCase.swift in Sources */ = {isa = PBXBuildFile; fileRef = 1F9983B02BE4831300B38C24 /* FetchPaymentByNameUseCase.swift */; };
		1F9983B32BE4832100B38C24 /* FetchPaymentByDateUseCase.swift in Sources */ = {isa = PBXBuildFile; fileRef = 1F9983B22BE4832100B38C24 /* FetchPaymentByDateUseCase.swift */; };
		1F9983B52BE4833A00B38C24 /* DeletePaymentUseCase.swift in Sources */ = {isa = PBXBuildFile; fileRef = 1F9983B42BE4833A00B38C24 /* DeletePaymentUseCase.swift */; };
		1F9983B72BE4842000B38C24 /* PaymentTransactionBase.swift in Sources */ = {isa = PBXBuildFile; fileRef = 1F9983B62BE4842000B38C24 /* PaymentTransactionBase.swift */; };
		1F9E03E82C059E2E0092CAC6 /* String+Formatter.swift in Sources */ = {isa = PBXBuildFile; fileRef = 1F9E03E72C059E2E0092CAC6 /* String+Formatter.swift */; };
		1FA3C0022C21596700A5851B /* UpdatePaymentVM.swift in Sources */ = {isa = PBXBuildFile; fileRef = 1FA3C0012C21596700A5851B /* UpdatePaymentVM.swift */; };
		1FA3C0042C215A5B00A5851B /* UpdatePaymentUseCase.swift in Sources */ = {isa = PBXBuildFile; fileRef = 1FA3C0032C215A5B00A5851B /* UpdatePaymentUseCase.swift */; };
		1FA489882C2A4B6B005A329E /* HelveticaNeueBoldItalic.ttf in Resources */ = {isa = PBXBuildFile; fileRef = 1FA4897A2C2A4B6A005A329E /* HelveticaNeueBoldItalic.ttf */; };
		1FA489892C2A4B6B005A329E /* HelveticaNeueCondensedBold.ttf in Resources */ = {isa = PBXBuildFile; fileRef = 1FA4897B2C2A4B6A005A329E /* HelveticaNeueCondensedBold.ttf */; };
		1FA4898B2C2A4B6B005A329E /* HelveticaNeueUltraLight.ttf in Resources */ = {isa = PBXBuildFile; fileRef = 1FA4897D2C2A4B6A005A329E /* HelveticaNeueUltraLight.ttf */; };
		1FA4898C2C2A4B6B005A329E /* HelveticaNeueLightItalic.ttf in Resources */ = {isa = PBXBuildFile; fileRef = 1FA4897E2C2A4B6A005A329E /* HelveticaNeueLightItalic.ttf */; };
		1FA4898D2C2A4B6B005A329E /* HelveticaNeueCondensedBlack.ttf in Resources */ = {isa = PBXBuildFile; fileRef = 1FA4897F2C2A4B6B005A329E /* HelveticaNeueCondensedBlack.ttf */; };
		1FA4898E2C2A4B6B005A329E /* HelveticaNeueUltraLightItal.ttf in Resources */ = {isa = PBXBuildFile; fileRef = 1FA489802C2A4B6B005A329E /* HelveticaNeueUltraLightItal.ttf */; };
		1FA4898F2C2A4B6B005A329E /* HelveticaNeueItalic.ttf in Resources */ = {isa = PBXBuildFile; fileRef = 1FA489812C2A4B6B005A329E /* HelveticaNeueItalic.ttf */; };
		1FA489902C2A4B6B005A329E /* HelveticaNeueBold.ttf in Resources */ = {isa = PBXBuildFile; fileRef = 1FA489822C2A4B6B005A329E /* HelveticaNeueBold.ttf */; };
		1FA489912C2A4B6B005A329E /* HelveticaNeueLight.ttf in Resources */ = {isa = PBXBuildFile; fileRef = 1FA489832C2A4B6B005A329E /* HelveticaNeueLight.ttf */; };
		1FA489942C2A4B6B005A329E /* HelveticaBlkIt.ttf in Resources */ = {isa = PBXBuildFile; fileRef = 1FA489862C2A4B6B005A329E /* HelveticaBlkIt.ttf */; };
		1FA489952C2A4B6B005A329E /* HelveticaNeueMedium.ttf in Resources */ = {isa = PBXBuildFile; fileRef = 1FA489872C2A4B6B005A329E /* HelveticaNeueMedium.ttf */; };
		1FA489992C2A60F0005A329E /* CustomFonts.swift in Sources */ = {isa = PBXBuildFile; fileRef = 1FA489982C2A60F0005A329E /* CustomFonts.swift */; };
		1FAD58312C4F322C00B18E78 /* DailyExpensesChartView.swift in Sources */ = {isa = PBXBuildFile; fileRef = 1FAD58302C4F322C00B18E78 /* DailyExpensesChartView.swift */; };
		1FB8DCF82C31CBFD0025E79C /* Color+Formatter.swift in Sources */ = {isa = PBXBuildFile; fileRef = 1FB8DCF72C31CBFD0025E79C /* Color+Formatter.swift */; };
		1FB8DCFA2C3202E70025E79C /* AppState.swift in Sources */ = {isa = PBXBuildFile; fileRef = 1FB8DCF92C3202E70025E79C /* AppState.swift */; };
		1FCFE12C2C325ADA0055C2EF /* DemoBalance.swift in Sources */ = {isa = PBXBuildFile; fileRef = 1FCFE12B2C325ADA0055C2EF /* DemoBalance.swift */; };
		1FCFE12F2C3278880055C2EF /* ChartView.swift in Sources */ = {isa = PBXBuildFile; fileRef = 1FCFE12E2C3278880055C2EF /* ChartView.swift */; };
		1FD6891E2C2BBADD008ED3C5 /* OnboardingView.swift in Sources */ = {isa = PBXBuildFile; fileRef = 1FD6891D2C2BBADD008ED3C5 /* OnboardingView.swift */; };
		1FD689242C2BCE15008ED3C5 /* OnboardingCarouselView.swift in Sources */ = {isa = PBXBuildFile; fileRef = 1FD689232C2BCE15008ED3C5 /* OnboardingCarouselView.swift */; };
		1FDE89062BC752A000FC0CC9 /* SavingsWatchAppApp.swift in Sources */ = {isa = PBXBuildFile; fileRef = 1FDE89052BC752A000FC0CC9 /* SavingsWatchAppApp.swift */; };
		1FDE89082BC752A000FC0CC9 /* ContentView.swift in Sources */ = {isa = PBXBuildFile; fileRef = 1FDE89072BC752A000FC0CC9 /* ContentView.swift */; };
		1FDE890A2BC752A200FC0CC9 /* Assets.xcassets in Resources */ = {isa = PBXBuildFile; fileRef = 1FDE89092BC752A200FC0CC9 /* Assets.xcassets */; };
		1FDE890D2BC752A200FC0CC9 /* Preview Assets.xcassets in Resources */ = {isa = PBXBuildFile; fileRef = 1FDE890C2BC752A200FC0CC9 /* Preview Assets.xcassets */; };
		1FDE89172BC752A200FC0CC9 /* SavingsWatchApp_Watch_AppTests.swift in Sources */ = {isa = PBXBuildFile; fileRef = 1FDE89162BC752A200FC0CC9 /* SavingsWatchApp_Watch_AppTests.swift */; };
		1FDE89212BC752A200FC0CC9 /* SavingsWatchApp_Watch_AppUITests.swift in Sources */ = {isa = PBXBuildFile; fileRef = 1FDE89202BC752A200FC0CC9 /* SavingsWatchApp_Watch_AppUITests.swift */; };
		1FDE89232BC752A200FC0CC9 /* SavingsWatchApp_Watch_AppUITestsLaunchTests.swift in Sources */ = {isa = PBXBuildFile; fileRef = 1FDE89222BC752A200FC0CC9 /* SavingsWatchApp_Watch_AppUITestsLaunchTests.swift */; };
		1FDE89262BC752A200FC0CC9 /* SavingsWatchApp Watch App.app in Embed Watch Content */ = {isa = PBXBuildFile; fileRef = 1FDE89032BC752A000FC0CC9 /* SavingsWatchApp Watch App.app */; settings = {ATTRIBUTES = (RemoveHeadersOnCopy, ); }; };
		1FDE89372BC7AD3400FC0CC9 /* CalendarSectionView.swift in Sources */ = {isa = PBXBuildFile; fileRef = 1FDE89362BC7AD3400FC0CC9 /* CalendarSectionView.swift */; };
		1FDFC52F2BB76322006CE24C /* PersistenceModule.framework in Frameworks */ = {isa = PBXBuildFile; fileRef = 1FDFC52E2BB76322006CE24C /* PersistenceModule.framework */; };
		1FDFC5302BB76322006CE24C /* PersistenceModule.framework in Embed Frameworks */ = {isa = PBXBuildFile; fileRef = 1FDFC52E2BB76322006CE24C /* PersistenceModule.framework */; settings = {ATTRIBUTES = (CodeSignOnCopy, RemoveHeadersOnCopy, ); }; };
		1FDFC5352BB76947006CE24C /* SmartSavingsMainView.swift in Sources */ = {isa = PBXBuildFile; fileRef = 1FDFC5342BB76947006CE24C /* SmartSavingsMainView.swift */; };
		1FDFC5392BB7DDE9006CE24C /* BalanceView.swift in Sources */ = {isa = PBXBuildFile; fileRef = 1FDFC5382BB7DDE9006CE24C /* BalanceView.swift */; };
		1FDFC53C2BB7DFAC006CE24C /* PaymentsTransactionsListView.swift in Sources */ = {isa = PBXBuildFile; fileRef = 1FDFC53B2BB7DFAC006CE24C /* PaymentsTransactionsListView.swift */; };
/* End PBXBuildFile section */

/* Begin PBXContainerItemProxy section */
		1F8D1C0A2BB65DB5001286DF /* PBXContainerItemProxy */ = {
			isa = PBXContainerItemProxy;
			containerPortal = 1F8D1BF12BB65DB4001286DF /* Project object */;
			proxyType = 1;
			remoteGlobalIDString = 1F8D1BF82BB65DB4001286DF;
			remoteInfo = SavingsApp;
		};
		1F8D1C142BB65DB5001286DF /* PBXContainerItemProxy */ = {
			isa = PBXContainerItemProxy;
			containerPortal = 1F8D1BF12BB65DB4001286DF /* Project object */;
			proxyType = 1;
			remoteGlobalIDString = 1F8D1BF82BB65DB4001286DF;
			remoteInfo = SavingsApp;
		};
		1FDE89132BC752A200FC0CC9 /* PBXContainerItemProxy */ = {
			isa = PBXContainerItemProxy;
			containerPortal = 1F8D1BF12BB65DB4001286DF /* Project object */;
			proxyType = 1;
			remoteGlobalIDString = 1FDE89022BC752A000FC0CC9;
			remoteInfo = "SavingsWatchApp Watch App";
		};
		1FDE891D2BC752A200FC0CC9 /* PBXContainerItemProxy */ = {
			isa = PBXContainerItemProxy;
			containerPortal = 1F8D1BF12BB65DB4001286DF /* Project object */;
			proxyType = 1;
			remoteGlobalIDString = 1FDE89022BC752A000FC0CC9;
			remoteInfo = "SavingsWatchApp Watch App";
		};
		1FDE89242BC752A200FC0CC9 /* PBXContainerItemProxy */ = {
			isa = PBXContainerItemProxy;
			containerPortal = 1F8D1BF12BB65DB4001286DF /* Project object */;
			proxyType = 1;
			remoteGlobalIDString = 1FDE89022BC752A000FC0CC9;
			remoteInfo = "SavingsWatchApp Watch App";
		};
/* End PBXContainerItemProxy section */

/* Begin PBXCopyFilesBuildPhase section */
		1FDE89272BC752A200FC0CC9 /* Embed Watch Content */ = {
			isa = PBXCopyFilesBuildPhase;
			buildActionMask = 2147483647;
			dstPath = "$(CONTENTS_FOLDER_PATH)/Watch";
			dstSubfolderSpec = 16;
			files = (
				1FDE89262BC752A200FC0CC9 /* SavingsWatchApp Watch App.app in Embed Watch Content */,
			);
			name = "Embed Watch Content";
			runOnlyForDeploymentPostprocessing = 0;
		};
		1FDFC5312BB76322006CE24C /* Embed Frameworks */ = {
			isa = PBXCopyFilesBuildPhase;
			buildActionMask = 2147483647;
			dstPath = "";
			dstSubfolderSpec = 10;
			files = (
				1FDFC5302BB76322006CE24C /* PersistenceModule.framework in Embed Frameworks */,
			);
			name = "Embed Frameworks";
			runOnlyForDeploymentPostprocessing = 0;
		};
/* End PBXCopyFilesBuildPhase section */

/* Begin PBXFileReference section */
		1F88C36E2BE6C11F00B0DC56 /* LoadingButtonView.swift */ = {isa = PBXFileReference; lastKnownFileType = sourcecode.swift; path = LoadingButtonView.swift; sourceTree = "<group>"; };
		1F88C3722BE6E07C00B0DC56 /* FetchPaymentByDateVM.swift */ = {isa = PBXFileReference; lastKnownFileType = sourcecode.swift; path = FetchPaymentByDateVM.swift; sourceTree = "<group>"; };
		1F8B6D862BC24A4B0008450A /* PaymentDetailsView.swift */ = {isa = PBXFileReference; lastKnownFileType = sourcecode.swift; path = PaymentDetailsView.swift; sourceTree = "<group>"; };
		1F8D1BF92BB65DB4001286DF /* SavingsApp.app */ = {isa = PBXFileReference; explicitFileType = wrapper.application; includeInIndex = 0; path = SavingsApp.app; sourceTree = BUILT_PRODUCTS_DIR; };
		1F8D1BFC2BB65DB4001286DF /* SavingsAppApp.swift */ = {isa = PBXFileReference; lastKnownFileType = sourcecode.swift; path = SavingsAppApp.swift; sourceTree = "<group>"; };
		1F8D1C002BB65DB5001286DF /* Assets.xcassets */ = {isa = PBXFileReference; lastKnownFileType = folder.assetcatalog; path = Assets.xcassets; sourceTree = "<group>"; };
		1F8D1C032BB65DB5001286DF /* Preview Assets.xcassets */ = {isa = PBXFileReference; lastKnownFileType = folder.assetcatalog; path = "Preview Assets.xcassets"; sourceTree = "<group>"; };
		1F8D1C092BB65DB5001286DF /* SavingsAppTests.xctest */ = {isa = PBXFileReference; explicitFileType = wrapper.cfbundle; includeInIndex = 0; path = SavingsAppTests.xctest; sourceTree = BUILT_PRODUCTS_DIR; };
		1F8D1C0D2BB65DB5001286DF /* SavingsAppTests.swift */ = {isa = PBXFileReference; lastKnownFileType = sourcecode.swift; path = SavingsAppTests.swift; sourceTree = "<group>"; };
		1F8D1C132BB65DB5001286DF /* SavingsAppUITests.xctest */ = {isa = PBXFileReference; explicitFileType = wrapper.cfbundle; includeInIndex = 0; path = SavingsAppUITests.xctest; sourceTree = BUILT_PRODUCTS_DIR; };
		1F8D1C172BB65DB5001286DF /* SavingsAppUITests.swift */ = {isa = PBXFileReference; lastKnownFileType = sourcecode.swift; path = SavingsAppUITests.swift; sourceTree = "<group>"; };
		1F8D1C192BB65DB5001286DF /* SavingsAppUITestsLaunchTests.swift */ = {isa = PBXFileReference; lastKnownFileType = sourcecode.swift; path = SavingsAppUITestsLaunchTests.swift; sourceTree = "<group>"; };
		1F8EC0372C0E3E2600EEC352 /* CalendarSectionTests.swift */ = {isa = PBXFileReference; lastKnownFileType = sourcecode.swift; path = CalendarSectionTests.swift; sourceTree = "<group>"; };
		1F8EC0392C0E411200EEC352 /* SavingsAppTests.xctestplan */ = {isa = PBXFileReference; lastKnownFileType = text; name = SavingsAppTests.xctestplan; path = ../../../SavingsAppTests.xctestplan; sourceTree = "<group>"; };
		1F9125D32BE8306300A225AE /* PaymentRegistryDTO.swift */ = {isa = PBXFileReference; lastKnownFileType = sourcecode.swift; path = PaymentRegistryDTO.swift; sourceTree = "<group>"; };
		1F9125DB2BE871A400A225AE /* PaymentDetailsVM.swift */ = {isa = PBXFileReference; lastKnownFileType = sourcecode.swift; path = PaymentDetailsVM.swift; sourceTree = "<group>"; };
		1F91B3ED2C2BA1330000D63B /* Localizable.xcstrings */ = {isa = PBXFileReference; lastKnownFileType = text.json.xcstrings; path = Localizable.xcstrings; sourceTree = "<group>"; };
		1F93A5912BC9C553006A5300 /* CalendarSectionVM.swift */ = {isa = PBXFileReference; lastKnownFileType = sourcecode.swift; path = CalendarSectionVM.swift; sourceTree = "<group>"; };
		1F93A5942BC9C70B006A5300 /* Date+Formatter.swift */ = {isa = PBXFileReference; lastKnownFileType = sourcecode.swift; path = "Date+Formatter.swift"; sourceTree = "<group>"; };
		1F96C6C22BBBAF590089578D /* AddPaymentView.swift */ = {isa = PBXFileReference; lastKnownFileType = sourcecode.swift; path = AddPaymentView.swift; sourceTree = "<group>"; };
		1F97A3DA2C509F750044C842 /* RegisterRecurringPayment.swift */ = {isa = PBXFileReference; lastKnownFileType = sourcecode.swift; path = RegisterRecurringPayment.swift; sourceTree = "<group>"; };
		1F97A3DF2C50C5F50044C842 /* RecurringRegistryDTO.swift */ = {isa = PBXFileReference; lastKnownFileType = sourcecode.swift; path = RecurringRegistryDTO.swift; sourceTree = "<group>"; };
		1F9983A82BE47F6E00B38C24 /* RegisterPaymentVM.swift */ = {isa = PBXFileReference; lastKnownFileType = sourcecode.swift; path = RegisterPaymentVM.swift; sourceTree = "<group>"; };
		1F9983AE2BE482FB00B38C24 /* RegisterPaymentUseCase.swift */ = {isa = PBXFileReference; lastKnownFileType = sourcecode.swift; path = RegisterPaymentUseCase.swift; sourceTree = "<group>"; };
		1F9983B02BE4831300B38C24 /* FetchPaymentByNameUseCase.swift */ = {isa = PBXFileReference; lastKnownFileType = sourcecode.swift; path = FetchPaymentByNameUseCase.swift; sourceTree = "<group>"; };
		1F9983B22BE4832100B38C24 /* FetchPaymentByDateUseCase.swift */ = {isa = PBXFileReference; lastKnownFileType = sourcecode.swift; path = FetchPaymentByDateUseCase.swift; sourceTree = "<group>"; };
		1F9983B42BE4833A00B38C24 /* DeletePaymentUseCase.swift */ = {isa = PBXFileReference; lastKnownFileType = sourcecode.swift; path = DeletePaymentUseCase.swift; sourceTree = "<group>"; };
		1F9983B62BE4842000B38C24 /* PaymentTransactionBase.swift */ = {isa = PBXFileReference; lastKnownFileType = sourcecode.swift; path = PaymentTransactionBase.swift; sourceTree = "<group>"; };
		1F9E03E72C059E2E0092CAC6 /* String+Formatter.swift */ = {isa = PBXFileReference; lastKnownFileType = sourcecode.swift; path = "String+Formatter.swift"; sourceTree = "<group>"; };
		1FA3C0012C21596700A5851B /* UpdatePaymentVM.swift */ = {isa = PBXFileReference; lastKnownFileType = sourcecode.swift; path = UpdatePaymentVM.swift; sourceTree = "<group>"; };
		1FA3C0032C215A5B00A5851B /* UpdatePaymentUseCase.swift */ = {isa = PBXFileReference; lastKnownFileType = sourcecode.swift; path = UpdatePaymentUseCase.swift; sourceTree = "<group>"; };
		1FA4897A2C2A4B6A005A329E /* HelveticaNeueBoldItalic.ttf */ = {isa = PBXFileReference; lastKnownFileType = file; path = HelveticaNeueBoldItalic.ttf; sourceTree = "<group>"; };
		1FA4897B2C2A4B6A005A329E /* HelveticaNeueCondensedBold.ttf */ = {isa = PBXFileReference; lastKnownFileType = file; path = HelveticaNeueCondensedBold.ttf; sourceTree = "<group>"; };
		1FA4897D2C2A4B6A005A329E /* HelveticaNeueUltraLight.ttf */ = {isa = PBXFileReference; lastKnownFileType = file; path = HelveticaNeueUltraLight.ttf; sourceTree = "<group>"; };
		1FA4897E2C2A4B6A005A329E /* HelveticaNeueLightItalic.ttf */ = {isa = PBXFileReference; lastKnownFileType = file; path = HelveticaNeueLightItalic.ttf; sourceTree = "<group>"; };
		1FA4897F2C2A4B6B005A329E /* HelveticaNeueCondensedBlack.ttf */ = {isa = PBXFileReference; lastKnownFileType = file; path = HelveticaNeueCondensedBlack.ttf; sourceTree = "<group>"; };
		1FA489802C2A4B6B005A329E /* HelveticaNeueUltraLightItal.ttf */ = {isa = PBXFileReference; lastKnownFileType = file; path = HelveticaNeueUltraLightItal.ttf; sourceTree = "<group>"; };
		1FA489812C2A4B6B005A329E /* HelveticaNeueItalic.ttf */ = {isa = PBXFileReference; lastKnownFileType = file; path = HelveticaNeueItalic.ttf; sourceTree = "<group>"; };
		1FA489822C2A4B6B005A329E /* HelveticaNeueBold.ttf */ = {isa = PBXFileReference; lastKnownFileType = file; path = HelveticaNeueBold.ttf; sourceTree = "<group>"; };
		1FA489832C2A4B6B005A329E /* HelveticaNeueLight.ttf */ = {isa = PBXFileReference; lastKnownFileType = file; path = HelveticaNeueLight.ttf; sourceTree = "<group>"; };
		1FA489862C2A4B6B005A329E /* HelveticaBlkIt.ttf */ = {isa = PBXFileReference; lastKnownFileType = file; path = HelveticaBlkIt.ttf; sourceTree = "<group>"; };
		1FA489872C2A4B6B005A329E /* HelveticaNeueMedium.ttf */ = {isa = PBXFileReference; lastKnownFileType = file; path = HelveticaNeueMedium.ttf; sourceTree = "<group>"; };
		1FA489962C2A5E03005A329E /* Info.plist */ = {isa = PBXFileReference; lastKnownFileType = text.plist; path = Info.plist; sourceTree = "<group>"; };
		1FA489982C2A60F0005A329E /* CustomFonts.swift */ = {isa = PBXFileReference; lastKnownFileType = sourcecode.swift; path = CustomFonts.swift; sourceTree = "<group>"; };
		1FAD58302C4F322C00B18E78 /* DailyExpensesChartView.swift */ = {isa = PBXFileReference; lastKnownFileType = sourcecode.swift; path = DailyExpensesChartView.swift; sourceTree = "<group>"; };
		1FB8DCF72C31CBFD0025E79C /* Color+Formatter.swift */ = {isa = PBXFileReference; lastKnownFileType = sourcecode.swift; path = "Color+Formatter.swift"; sourceTree = "<group>"; };
		1FB8DCF92C3202E70025E79C /* AppState.swift */ = {isa = PBXFileReference; lastKnownFileType = sourcecode.swift; path = AppState.swift; sourceTree = "<group>"; };
		1FCFE12B2C325ADA0055C2EF /* DemoBalance.swift */ = {isa = PBXFileReference; lastKnownFileType = sourcecode.swift; path = DemoBalance.swift; sourceTree = "<group>"; };
		1FCFE12E2C3278880055C2EF /* ChartView.swift */ = {isa = PBXFileReference; lastKnownFileType = sourcecode.swift; path = ChartView.swift; sourceTree = "<group>"; };
		1FD6891D2C2BBADD008ED3C5 /* OnboardingView.swift */ = {isa = PBXFileReference; lastKnownFileType = sourcecode.swift; path = OnboardingView.swift; sourceTree = "<group>"; };
		1FD689232C2BCE15008ED3C5 /* OnboardingCarouselView.swift */ = {isa = PBXFileReference; lastKnownFileType = sourcecode.swift; path = OnboardingCarouselView.swift; sourceTree = "<group>"; };
		1FDE89032BC752A000FC0CC9 /* SavingsWatchApp Watch App.app */ = {isa = PBXFileReference; explicitFileType = wrapper.application; includeInIndex = 0; path = "SavingsWatchApp Watch App.app"; sourceTree = BUILT_PRODUCTS_DIR; };
		1FDE89052BC752A000FC0CC9 /* SavingsWatchAppApp.swift */ = {isa = PBXFileReference; lastKnownFileType = sourcecode.swift; path = SavingsWatchAppApp.swift; sourceTree = "<group>"; };
		1FDE89072BC752A000FC0CC9 /* ContentView.swift */ = {isa = PBXFileReference; lastKnownFileType = sourcecode.swift; path = ContentView.swift; sourceTree = "<group>"; };
		1FDE89092BC752A200FC0CC9 /* Assets.xcassets */ = {isa = PBXFileReference; lastKnownFileType = folder.assetcatalog; path = Assets.xcassets; sourceTree = "<group>"; };
		1FDE890C2BC752A200FC0CC9 /* Preview Assets.xcassets */ = {isa = PBXFileReference; lastKnownFileType = folder.assetcatalog; path = "Preview Assets.xcassets"; sourceTree = "<group>"; };
		1FDE89122BC752A200FC0CC9 /* SavingsWatchApp Watch AppTests.xctest */ = {isa = PBXFileReference; explicitFileType = wrapper.cfbundle; includeInIndex = 0; path = "SavingsWatchApp Watch AppTests.xctest"; sourceTree = BUILT_PRODUCTS_DIR; };
		1FDE89162BC752A200FC0CC9 /* SavingsWatchApp_Watch_AppTests.swift */ = {isa = PBXFileReference; lastKnownFileType = sourcecode.swift; path = SavingsWatchApp_Watch_AppTests.swift; sourceTree = "<group>"; };
		1FDE891C2BC752A200FC0CC9 /* SavingsWatchApp Watch AppUITests.xctest */ = {isa = PBXFileReference; explicitFileType = wrapper.cfbundle; includeInIndex = 0; path = "SavingsWatchApp Watch AppUITests.xctest"; sourceTree = BUILT_PRODUCTS_DIR; };
		1FDE89202BC752A200FC0CC9 /* SavingsWatchApp_Watch_AppUITests.swift */ = {isa = PBXFileReference; lastKnownFileType = sourcecode.swift; path = SavingsWatchApp_Watch_AppUITests.swift; sourceTree = "<group>"; };
		1FDE89222BC752A200FC0CC9 /* SavingsWatchApp_Watch_AppUITestsLaunchTests.swift */ = {isa = PBXFileReference; lastKnownFileType = sourcecode.swift; path = SavingsWatchApp_Watch_AppUITestsLaunchTests.swift; sourceTree = "<group>"; };
		1FDE89362BC7AD3400FC0CC9 /* CalendarSectionView.swift */ = {isa = PBXFileReference; lastKnownFileType = sourcecode.swift; path = CalendarSectionView.swift; sourceTree = "<group>"; };
		1FDFC52E2BB76322006CE24C /* PersistenceModule.framework */ = {isa = PBXFileReference; explicitFileType = wrapper.framework; path = PersistenceModule.framework; sourceTree = BUILT_PRODUCTS_DIR; };
		1FDFC5342BB76947006CE24C /* SmartSavingsMainView.swift */ = {isa = PBXFileReference; lastKnownFileType = sourcecode.swift; path = SmartSavingsMainView.swift; sourceTree = "<group>"; };
		1FDFC5382BB7DDE9006CE24C /* BalanceView.swift */ = {isa = PBXFileReference; lastKnownFileType = sourcecode.swift; path = BalanceView.swift; sourceTree = "<group>"; };
		1FDFC53B2BB7DFAC006CE24C /* PaymentsTransactionsListView.swift */ = {isa = PBXFileReference; lastKnownFileType = sourcecode.swift; path = PaymentsTransactionsListView.swift; sourceTree = "<group>"; };
/* End PBXFileReference section */

/* Begin PBXFrameworksBuildPhase section */
		1F8D1BF62BB65DB4001286DF /* Frameworks */ = {
			isa = PBXFrameworksBuildPhase;
			buildActionMask = 2147483647;
			files = (
				1FDFC52F2BB76322006CE24C /* PersistenceModule.framework in Frameworks */,
			);
			runOnlyForDeploymentPostprocessing = 0;
		};
		1F8D1C062BB65DB5001286DF /* Frameworks */ = {
			isa = PBXFrameworksBuildPhase;
			buildActionMask = 2147483647;
			files = (
			);
			runOnlyForDeploymentPostprocessing = 0;
		};
		1F8D1C102BB65DB5001286DF /* Frameworks */ = {
			isa = PBXFrameworksBuildPhase;
			buildActionMask = 2147483647;
			files = (
			);
			runOnlyForDeploymentPostprocessing = 0;
		};
		1FDE89002BC752A000FC0CC9 /* Frameworks */ = {
			isa = PBXFrameworksBuildPhase;
			buildActionMask = 2147483647;
			files = (
			);
			runOnlyForDeploymentPostprocessing = 0;
		};
		1FDE890F2BC752A200FC0CC9 /* Frameworks */ = {
			isa = PBXFrameworksBuildPhase;
			buildActionMask = 2147483647;
			files = (
			);
			runOnlyForDeploymentPostprocessing = 0;
		};
		1FDE89192BC752A200FC0CC9 /* Frameworks */ = {
			isa = PBXFrameworksBuildPhase;
			buildActionMask = 2147483647;
			files = (
			);
			runOnlyForDeploymentPostprocessing = 0;
		};
/* End PBXFrameworksBuildPhase section */

/* Begin PBXGroup section */
		1F88C36C2BE6C04600B0DC56 /* Shared */ = {
			isa = PBXGroup;
			children = (
				1F88C36D2BE6C05B00B0DC56 /* LoadingButton */,
			);
			path = Shared;
			sourceTree = "<group>";
		};
		1F88C36D2BE6C05B00B0DC56 /* LoadingButton */ = {
			isa = PBXGroup;
			children = (
				1F88C36E2BE6C11F00B0DC56 /* LoadingButtonView.swift */,
			);
			path = LoadingButton;
			sourceTree = "<group>";
		};
		1F88C3702BE6E06800B0DC56 /* ViewModel */ = {
			isa = PBXGroup;
			children = (
				1F88C3722BE6E07C00B0DC56 /* FetchPaymentByDateVM.swift */,
			);
			path = ViewModel;
			sourceTree = "<group>";
		};
		1F8B6D852BC24A170008450A /* PaymentDetailsView */ = {
			isa = PBXGroup;
			children = (
				1F8B6D862BC24A4B0008450A /* PaymentDetailsView.swift */,
			);
			path = PaymentDetailsView;
			sourceTree = "<group>";
		};
		1F8D1BF02BB65DB4001286DF = {
			isa = PBXGroup;
			children = (
				1F8D1BFB2BB65DB4001286DF /* SavingsApp */,
				1F8D1C0C2BB65DB5001286DF /* SavingsAppTests */,
				1F8D1C162BB65DB5001286DF /* SavingsAppUITests */,
				1FDE89042BC752A000FC0CC9 /* SavingsWatchApp Watch App */,
				1FDE89152BC752A200FC0CC9 /* SavingsWatchApp Watch AppTests */,
				1FDE891F2BC752A200FC0CC9 /* SavingsWatchApp Watch AppUITests */,
				1F8D1BFA2BB65DB4001286DF /* Products */,
				1FDFC52D2BB76322006CE24C /* Frameworks */,
			);
			sourceTree = "<group>";
			usesTabs = 0;
		};
		1F8D1BFA2BB65DB4001286DF /* Products */ = {
			isa = PBXGroup;
			children = (
				1F8D1BF92BB65DB4001286DF /* SavingsApp.app */,
				1F8D1C092BB65DB5001286DF /* SavingsAppTests.xctest */,
				1F8D1C132BB65DB5001286DF /* SavingsAppUITests.xctest */,
				1FDE89032BC752A000FC0CC9 /* SavingsWatchApp Watch App.app */,
				1FDE89122BC752A200FC0CC9 /* SavingsWatchApp Watch AppTests.xctest */,
				1FDE891C2BC752A200FC0CC9 /* SavingsWatchApp Watch AppUITests.xctest */,
			);
			name = Products;
			sourceTree = "<group>";
		};
		1F8D1BFB2BB65DB4001286DF /* SavingsApp */ = {
			isa = PBXGroup;
			children = (
				1F91B3EC2C2BA0100000D63B /* ContentString */,
				1FA489962C2A5E03005A329E /* Info.plist */,
				1F88C36C2BE6C04600B0DC56 /* Shared */,
				1F93A5932BC9C65B006A5300 /* Helpers */,
				1F93A58D2BC9C3F3006A5300 /* Domain */,
				1FDFC5322BB76908006CE24C /* Presentation */,
				1F8D1BFC2BB65DB4001286DF /* SavingsAppApp.swift */,
				1F8D1C002BB65DB5001286DF /* Assets.xcassets */,
				1FA489792C2A48E3005A329E /* CustomFont */,
				1F8D1C022BB65DB5001286DF /* Preview Content */,
			);
			path = SavingsApp;
			sourceTree = "<group>";
		};
		1F8D1C022BB65DB5001286DF /* Preview Content */ = {
			isa = PBXGroup;
			children = (
				1F8D1C032BB65DB5001286DF /* Preview Assets.xcassets */,
			);
			path = "Preview Content";
			sourceTree = "<group>";
		};
		1F8D1C0C2BB65DB5001286DF /* SavingsAppTests */ = {
			isa = PBXGroup;
			children = (
				1F8EC0392C0E411200EEC352 /* SavingsAppTests.xctestplan */,
				1F8EC0362C0E3DD700EEC352 /* CalendarSection */,
				1F8D1C0D2BB65DB5001286DF /* SavingsAppTests.swift */,
			);
			path = SavingsAppTests;
			sourceTree = "<group>";
		};
		1F8D1C162BB65DB5001286DF /* SavingsAppUITests */ = {
			isa = PBXGroup;
			children = (
				1F8D1C172BB65DB5001286DF /* SavingsAppUITests.swift */,
				1F8D1C192BB65DB5001286DF /* SavingsAppUITestsLaunchTests.swift */,
			);
			path = SavingsAppUITests;
			sourceTree = "<group>";
		};
		1F8EC0362C0E3DD700EEC352 /* CalendarSection */ = {
			isa = PBXGroup;
			children = (
				1F8EC0372C0E3E2600EEC352 /* CalendarSectionTests.swift */,
			);
			path = CalendarSection;
			sourceTree = "<group>";
		};
		1F9125D52BE84C0F00A225AE /* BalanceProfit */ = {
			isa = PBXGroup;
			children = (
				1F9125D72BE84C2500A225AE /* UseCase */,
				1F9125D62BE84C1D00A225AE /* ViewModel */,
			);
			path = BalanceProfit;
			sourceTree = "<group>";
		};
		1F9125D62BE84C1D00A225AE /* ViewModel */ = {
			isa = PBXGroup;
			children = (
			);
			path = ViewModel;
			sourceTree = "<group>";
		};
		1F9125D72BE84C2500A225AE /* UseCase */ = {
			isa = PBXGroup;
			children = (
			);
			path = UseCase;
			sourceTree = "<group>";
		};
		1F9125D82BE870DC00A225AE /* PaymentDetails */ = {
			isa = PBXGroup;
			children = (
				1F9125DA2BE870EC00A225AE /* ViewModel */,
				1F9125D92BE870E600A225AE /* UseCase */,
			);
			path = PaymentDetails;
			sourceTree = "<group>";
		};
		1F9125D92BE870E600A225AE /* UseCase */ = {
			isa = PBXGroup;
			children = (
			);
			path = UseCase;
			sourceTree = "<group>";
		};
		1F9125DA2BE870EC00A225AE /* ViewModel */ = {
			isa = PBXGroup;
			children = (
				1F9125DB2BE871A400A225AE /* PaymentDetailsVM.swift */,
			);
			path = ViewModel;
			sourceTree = "<group>";
		};
		1F91B3EC2C2BA0100000D63B /* ContentString */ = {
			isa = PBXGroup;
			children = (
				1F91B3ED2C2BA1330000D63B /* Localizable.xcstrings */,
			);
			path = ContentString;
			sourceTree = "<group>";
		};
		1F93A58D2BC9C3F3006A5300 /* Domain */ = {
			isa = PBXGroup;
			children = (
				1F97A3DE2C50C5CA0044C842 /* DTO */,
				1F9125D82BE870DC00A225AE /* PaymentDetails */,
				1F9125D52BE84C0F00A225AE /* BalanceProfit */,
				1FF19A122BE2EFB600324E56 /* PaymentTransactions */,
				1F93A58E2BC9C3FC006A5300 /* CalendarSection */,
			);
			path = Domain;
			sourceTree = "<group>";
		};
		1F93A58E2BC9C3FC006A5300 /* CalendarSection */ = {
			isa = PBXGroup;
			children = (
				1F93A5902BC9C51B006A5300 /* Model */,
				1F93A58F2BC9C514006A5300 /* ViewModel */,
			);
			path = CalendarSection;
			sourceTree = "<group>";
		};
		1F93A58F2BC9C514006A5300 /* ViewModel */ = {
			isa = PBXGroup;
			children = (
				1F93A5912BC9C553006A5300 /* CalendarSectionVM.swift */,
			);
			path = ViewModel;
			sourceTree = "<group>";
		};
		1F93A5902BC9C51B006A5300 /* Model */ = {
			isa = PBXGroup;
			children = (
			);
			path = Model;
			sourceTree = "<group>";
		};
		1F93A5932BC9C65B006A5300 /* Helpers */ = {
			isa = PBXGroup;
			children = (
				1F93A5942BC9C70B006A5300 /* Date+Formatter.swift */,
				1F9E03E72C059E2E0092CAC6 /* String+Formatter.swift */,
				1FA489982C2A60F0005A329E /* CustomFonts.swift */,
				1FB8DCF72C31CBFD0025E79C /* Color+Formatter.swift */,
				1FB8DCF92C3202E70025E79C /* AppState.swift */,
			);
			path = Helpers;
			sourceTree = "<group>";
		};
		1F96C6C12BBBAF270089578D /* AddPaymentView */ = {
			isa = PBXGroup;
			children = (
				1F96C6C22BBBAF590089578D /* AddPaymentView.swift */,
			);
			path = AddPaymentView;
			sourceTree = "<group>";
		};
		1F97A3DE2C50C5CA0044C842 /* DTO */ = {
			isa = PBXGroup;
			children = (
				1F9125D32BE8306300A225AE /* PaymentRegistryDTO.swift */,
				1F97A3DF2C50C5F50044C842 /* RecurringRegistryDTO.swift */,
			);
			path = DTO;
			sourceTree = "<group>";
		};
		1F9983AA2BE4825600B38C24 /* RegisterPaymentUseCase */ = {
			isa = PBXGroup;
			children = (
				1FF19A132BE2EFFF00324E56 /* ViewModel */,
				1F9983AE2BE482FB00B38C24 /* RegisterPaymentUseCase.swift */,
			);
			path = RegisterPaymentUseCase;
			sourceTree = "<group>";
		};
		1F9983AB2BE4827200B38C24 /* FetchPaymentByNameUseCase */ = {
			isa = PBXGroup;
			children = (
				1F9983B02BE4831300B38C24 /* FetchPaymentByNameUseCase.swift */,
			);
			path = FetchPaymentByNameUseCase;
			sourceTree = "<group>";
		};
		1F9983AC2BE4828100B38C24 /* FetchPaymentByDateUseCase */ = {
			isa = PBXGroup;
			children = (
				1F88C3702BE6E06800B0DC56 /* ViewModel */,
				1F9983B22BE4832100B38C24 /* FetchPaymentByDateUseCase.swift */,
			);
			path = FetchPaymentByDateUseCase;
			sourceTree = "<group>";
		};
		1F9983AD2BE4828E00B38C24 /* DeletePaymentUseCase */ = {
			isa = PBXGroup;
			children = (
				1F9983B42BE4833A00B38C24 /* DeletePaymentUseCase.swift */,
			);
			path = DeletePaymentUseCase;
			sourceTree = "<group>";
		};
		1F9983B82BE4958E00B38C24 /* PaymentTransactionBase */ = {
			isa = PBXGroup;
			children = (
				1F9983B62BE4842000B38C24 /* PaymentTransactionBase.swift */,
			);
			path = PaymentTransactionBase;
			sourceTree = "<group>";
		};
		1FA3BFFF2C2158AF00A5851B /* UpdatePaymentUseCase */ = {
			isa = PBXGroup;
			children = (
				1FA3C0002C2158BF00A5851B /* ViewModel */,
				1FA3C0032C215A5B00A5851B /* UpdatePaymentUseCase.swift */,
			);
			path = UpdatePaymentUseCase;
			sourceTree = "<group>";
		};
		1FA3C0002C2158BF00A5851B /* ViewModel */ = {
			isa = PBXGroup;
			children = (
				1FA3C0012C21596700A5851B /* UpdatePaymentVM.swift */,
			);
			path = ViewModel;
			sourceTree = "<group>";
		};
		1FA489792C2A48E3005A329E /* CustomFont */ = {
			isa = PBXGroup;
			children = (
				1FA489862C2A4B6B005A329E /* HelveticaBlkIt.ttf */,
				1FA489822C2A4B6B005A329E /* HelveticaNeueBold.ttf */,
				1FA4897A2C2A4B6A005A329E /* HelveticaNeueBoldItalic.ttf */,
				1FA4897F2C2A4B6B005A329E /* HelveticaNeueCondensedBlack.ttf */,
				1FA4897B2C2A4B6A005A329E /* HelveticaNeueCondensedBold.ttf */,
				1FA489812C2A4B6B005A329E /* HelveticaNeueItalic.ttf */,
				1FA489832C2A4B6B005A329E /* HelveticaNeueLight.ttf */,
				1FA4897E2C2A4B6A005A329E /* HelveticaNeueLightItalic.ttf */,
				1FA489872C2A4B6B005A329E /* HelveticaNeueMedium.ttf */,
				1FA4897D2C2A4B6A005A329E /* HelveticaNeueUltraLight.ttf */,
				1FA489802C2A4B6B005A329E /* HelveticaNeueUltraLightItal.ttf */,
			);
			path = CustomFont;
			sourceTree = "<group>";
		};
		1FCFE12D2C3278600055C2EF /* Chart */ = {
			isa = PBXGroup;
			children = (
				1FCFE12E2C3278880055C2EF /* ChartView.swift */,
				1FAD58302C4F322C00B18E78 /* DailyExpensesChartView.swift */,
			);
			path = Chart;
			sourceTree = "<group>";
		};
		1FD6891C2C2BBA88008ED3C5 /* Onboarding */ = {
			isa = PBXGroup;
			children = (
				1FD6891D2C2BBADD008ED3C5 /* OnboardingView.swift */,
				1FD689232C2BCE15008ED3C5 /* OnboardingCarouselView.swift */,
			);
			path = Onboarding;
			sourceTree = "<group>";
		};
		1FDE89042BC752A000FC0CC9 /* SavingsWatchApp Watch App */ = {
			isa = PBXGroup;
			children = (
				1FDE89052BC752A000FC0CC9 /* SavingsWatchAppApp.swift */,
				1FDE89072BC752A000FC0CC9 /* ContentView.swift */,
				1FDE89092BC752A200FC0CC9 /* Assets.xcassets */,
				1FDE890B2BC752A200FC0CC9 /* Preview Content */,
			);
			path = "SavingsWatchApp Watch App";
			sourceTree = "<group>";
		};
		1FDE890B2BC752A200FC0CC9 /* Preview Content */ = {
			isa = PBXGroup;
			children = (
				1FDE890C2BC752A200FC0CC9 /* Preview Assets.xcassets */,
			);
			path = "Preview Content";
			sourceTree = "<group>";
		};
		1FDE89152BC752A200FC0CC9 /* SavingsWatchApp Watch AppTests */ = {
			isa = PBXGroup;
			children = (
				1FDE89162BC752A200FC0CC9 /* SavingsWatchApp_Watch_AppTests.swift */,
			);
			path = "SavingsWatchApp Watch AppTests";
			sourceTree = "<group>";
		};
		1FDE891F2BC752A200FC0CC9 /* SavingsWatchApp Watch AppUITests */ = {
			isa = PBXGroup;
			children = (
				1FDE89202BC752A200FC0CC9 /* SavingsWatchApp_Watch_AppUITests.swift */,
				1FDE89222BC752A200FC0CC9 /* SavingsWatchApp_Watch_AppUITestsLaunchTests.swift */,
			);
			path = "SavingsWatchApp Watch AppUITests";
			sourceTree = "<group>";
		};
		1FDE89352BC7943300FC0CC9 /* CalendarSectionView */ = {
			isa = PBXGroup;
			children = (
				1FDE89362BC7AD3400FC0CC9 /* CalendarSectionView.swift */,
			);
			path = CalendarSectionView;
			sourceTree = "<group>";
		};
		1FDFC52D2BB76322006CE24C /* Frameworks */ = {
			isa = PBXGroup;
			children = (
				1FDFC52E2BB76322006CE24C /* PersistenceModule.framework */,
			);
			name = Frameworks;
			sourceTree = "<group>";
		};
		1FDFC5322BB76908006CE24C /* Presentation */ = {
			isa = PBXGroup;
			children = (
				1FCFE12D2C3278600055C2EF /* Chart */,
				1FD6891C2C2BBA88008ED3C5 /* Onboarding */,
				1FDFC5372BB7DDC0006CE24C /* BalanceView */,
				1FDE89352BC7943300FC0CC9 /* CalendarSectionView */,
				1FDFC5362BB77220006CE24C /* Payment */,
				1FDFC5332BB76926006CE24C /* Main */,
			);
			path = Presentation;
			sourceTree = "<group>";
		};
		1FDFC5332BB76926006CE24C /* Main */ = {
			isa = PBXGroup;
			children = (
				1FDFC5342BB76947006CE24C /* SmartSavingsMainView.swift */,
			);
			path = Main;
			sourceTree = "<group>";
		};
		1FDFC5362BB77220006CE24C /* Payment */ = {
			isa = PBXGroup;
			children = (
				1FDFC53A2BB7DF8D006CE24C /* PaymentTransactionsListView */,
				1F8B6D852BC24A170008450A /* PaymentDetailsView */,
				1F96C6C12BBBAF270089578D /* AddPaymentView */,
			);
			path = Payment;
			sourceTree = "<group>";
		};
		1FDFC5372BB7DDC0006CE24C /* BalanceView */ = {
			isa = PBXGroup;
			children = (
				1FDFC5382BB7DDE9006CE24C /* BalanceView.swift */,
				1FCFE12B2C325ADA0055C2EF /* DemoBalance.swift */,
			);
			path = BalanceView;
			sourceTree = "<group>";
		};
		1FDFC53A2BB7DF8D006CE24C /* PaymentTransactionsListView */ = {
			isa = PBXGroup;
			children = (
				1FDFC53B2BB7DFAC006CE24C /* PaymentsTransactionsListView.swift */,
			);
			path = PaymentTransactionsListView;
			sourceTree = "<group>";
		};
		1FF19A122BE2EFB600324E56 /* PaymentTransactions */ = {
			isa = PBXGroup;
			children = (
				1F9983B82BE4958E00B38C24 /* PaymentTransactionBase */,
				1FF19A142BE2F00500324E56 /* UseCase */,
			);
			path = PaymentTransactions;
			sourceTree = "<group>";
		};
		1FF19A132BE2EFFF00324E56 /* ViewModel */ = {
			isa = PBXGroup;
			children = (
				1F9983A82BE47F6E00B38C24 /* RegisterPaymentVM.swift */,
			);
			path = ViewModel;
			sourceTree = "<group>";
		};
		1FF19A142BE2F00500324E56 /* UseCase */ = {
			isa = PBXGroup;
			children = (
				1FA3BFFF2C2158AF00A5851B /* UpdatePaymentUseCase */,
				1F9983AD2BE4828E00B38C24 /* DeletePaymentUseCase */,
				1F9983AC2BE4828100B38C24 /* FetchPaymentByDateUseCase */,
				1F9983AB2BE4827200B38C24 /* FetchPaymentByNameUseCase */,
				1F9983AA2BE4825600B38C24 /* RegisterPaymentUseCase */,
				1F97A3DA2C509F750044C842 /* RegisterRecurringPayment.swift */,
			);
			path = UseCase;
			sourceTree = "<group>";
		};
/* End PBXGroup section */

/* Begin PBXNativeTarget section */
		1F8D1BF82BB65DB4001286DF /* SavingsApp */ = {
			isa = PBXNativeTarget;
			buildConfigurationList = 1F8D1C1D2BB65DB5001286DF /* Build configuration list for PBXNativeTarget "SavingsApp" */;
			buildPhases = (
				1F8D1BF52BB65DB4001286DF /* Sources */,
				1F8D1BF62BB65DB4001286DF /* Frameworks */,
				1F8D1BF72BB65DB4001286DF /* Resources */,
				1FDFC5312BB76322006CE24C /* Embed Frameworks */,
				1FDE89272BC752A200FC0CC9 /* Embed Watch Content */,
			);
			buildRules = (
			);
			dependencies = (
				1FDE89252BC752A200FC0CC9 /* PBXTargetDependency */,
			);
			name = SavingsApp;
			productName = SavingsApp;
			productReference = 1F8D1BF92BB65DB4001286DF /* SavingsApp.app */;
			productType = "com.apple.product-type.application";
		};
		1F8D1C082BB65DB5001286DF /* SavingsAppTests */ = {
			isa = PBXNativeTarget;
			buildConfigurationList = 1F8D1C202BB65DB5001286DF /* Build configuration list for PBXNativeTarget "SavingsAppTests" */;
			buildPhases = (
				1F8D1C052BB65DB5001286DF /* Sources */,
				1F8D1C062BB65DB5001286DF /* Frameworks */,
				1F8D1C072BB65DB5001286DF /* Resources */,
			);
			buildRules = (
			);
			dependencies = (
				1F8D1C0B2BB65DB5001286DF /* PBXTargetDependency */,
			);
			name = SavingsAppTests;
			productName = SavingsAppTests;
			productReference = 1F8D1C092BB65DB5001286DF /* SavingsAppTests.xctest */;
			productType = "com.apple.product-type.bundle.unit-test";
		};
		1F8D1C122BB65DB5001286DF /* SavingsAppUITests */ = {
			isa = PBXNativeTarget;
			buildConfigurationList = 1F8D1C232BB65DB5001286DF /* Build configuration list for PBXNativeTarget "SavingsAppUITests" */;
			buildPhases = (
				1F8D1C0F2BB65DB5001286DF /* Sources */,
				1F8D1C102BB65DB5001286DF /* Frameworks */,
				1F8D1C112BB65DB5001286DF /* Resources */,
			);
			buildRules = (
			);
			dependencies = (
				1F8D1C152BB65DB5001286DF /* PBXTargetDependency */,
			);
			name = SavingsAppUITests;
			productName = SavingsAppUITests;
			productReference = 1F8D1C132BB65DB5001286DF /* SavingsAppUITests.xctest */;
			productType = "com.apple.product-type.bundle.ui-testing";
		};
		1FDE89022BC752A000FC0CC9 /* SavingsWatchApp Watch App */ = {
			isa = PBXNativeTarget;
			buildConfigurationList = 1FDE892E2BC752A200FC0CC9 /* Build configuration list for PBXNativeTarget "SavingsWatchApp Watch App" */;
			buildPhases = (
				1FDE88FF2BC752A000FC0CC9 /* Sources */,
				1FDE89002BC752A000FC0CC9 /* Frameworks */,
				1FDE89012BC752A000FC0CC9 /* Resources */,
			);
			buildRules = (
			);
			dependencies = (
			);
			name = "SavingsWatchApp Watch App";
			productName = "SavingsWatchApp Watch App";
			productReference = 1FDE89032BC752A000FC0CC9 /* SavingsWatchApp Watch App.app */;
			productType = "com.apple.product-type.application";
		};
		1FDE89112BC752A200FC0CC9 /* SavingsWatchApp Watch AppTests */ = {
			isa = PBXNativeTarget;
			buildConfigurationList = 1FDE892F2BC752A200FC0CC9 /* Build configuration list for PBXNativeTarget "SavingsWatchApp Watch AppTests" */;
			buildPhases = (
				1FDE890E2BC752A200FC0CC9 /* Sources */,
				1FDE890F2BC752A200FC0CC9 /* Frameworks */,
				1FDE89102BC752A200FC0CC9 /* Resources */,
			);
			buildRules = (
			);
			dependencies = (
				1FDE89142BC752A200FC0CC9 /* PBXTargetDependency */,
			);
			name = "SavingsWatchApp Watch AppTests";
			productName = "SavingsWatchApp Watch AppTests";
			productReference = 1FDE89122BC752A200FC0CC9 /* SavingsWatchApp Watch AppTests.xctest */;
			productType = "com.apple.product-type.bundle.unit-test";
		};
		1FDE891B2BC752A200FC0CC9 /* SavingsWatchApp Watch AppUITests */ = {
			isa = PBXNativeTarget;
			buildConfigurationList = 1FDE89302BC752A200FC0CC9 /* Build configuration list for PBXNativeTarget "SavingsWatchApp Watch AppUITests" */;
			buildPhases = (
				1FDE89182BC752A200FC0CC9 /* Sources */,
				1FDE89192BC752A200FC0CC9 /* Frameworks */,
				1FDE891A2BC752A200FC0CC9 /* Resources */,
			);
			buildRules = (
			);
			dependencies = (
				1FDE891E2BC752A200FC0CC9 /* PBXTargetDependency */,
			);
			name = "SavingsWatchApp Watch AppUITests";
			productName = "SavingsWatchApp Watch AppUITests";
			productReference = 1FDE891C2BC752A200FC0CC9 /* SavingsWatchApp Watch AppUITests.xctest */;
			productType = "com.apple.product-type.bundle.ui-testing";
		};
/* End PBXNativeTarget section */

/* Begin PBXProject section */
		1F8D1BF12BB65DB4001286DF /* Project object */ = {
			isa = PBXProject;
			attributes = {
				BuildIndependentTargetsInParallel = 1;
				LastSwiftUpdateCheck = 1530;
				LastUpgradeCheck = 1530;
				TargetAttributes = {
					1F8D1BF82BB65DB4001286DF = {
						CreatedOnToolsVersion = 15.3;
					};
					1F8D1C082BB65DB5001286DF = {
						CreatedOnToolsVersion = 15.3;
						TestTargetID = 1F8D1BF82BB65DB4001286DF;
					};
					1F8D1C122BB65DB5001286DF = {
						CreatedOnToolsVersion = 15.3;
						TestTargetID = 1F8D1BF82BB65DB4001286DF;
					};
					1FDE89022BC752A000FC0CC9 = {
						CreatedOnToolsVersion = 15.3;
					};
					1FDE89112BC752A200FC0CC9 = {
						CreatedOnToolsVersion = 15.3;
						TestTargetID = 1FDE89022BC752A000FC0CC9;
					};
					1FDE891B2BC752A200FC0CC9 = {
						CreatedOnToolsVersion = 15.3;
						TestTargetID = 1FDE89022BC752A000FC0CC9;
					};
				};
			};
			buildConfigurationList = 1F8D1BF42BB65DB4001286DF /* Build configuration list for PBXProject "SavingsApp" */;
			compatibilityVersion = "Xcode 14.0";
			developmentRegion = en;
			hasScannedForEncodings = 0;
			knownRegions = (
				en,
				Base,
				"es-MX",
				de,
			);
			mainGroup = 1F8D1BF02BB65DB4001286DF;
			productRefGroup = 1F8D1BFA2BB65DB4001286DF /* Products */;
			projectDirPath = "";
			projectRoot = "";
			targets = (
				1F8D1BF82BB65DB4001286DF /* SavingsApp */,
				1F8D1C082BB65DB5001286DF /* SavingsAppTests */,
				1F8D1C122BB65DB5001286DF /* SavingsAppUITests */,
				1FDE89022BC752A000FC0CC9 /* SavingsWatchApp Watch App */,
				1FDE89112BC752A200FC0CC9 /* SavingsWatchApp Watch AppTests */,
				1FDE891B2BC752A200FC0CC9 /* SavingsWatchApp Watch AppUITests */,
			);
		};
/* End PBXProject section */

/* Begin PBXResourcesBuildPhase section */
		1F8D1BF72BB65DB4001286DF /* Resources */ = {
			isa = PBXResourcesBuildPhase;
			buildActionMask = 2147483647;
			files = (
				1FA489892C2A4B6B005A329E /* HelveticaNeueCondensedBold.ttf in Resources */,
				1FA489942C2A4B6B005A329E /* HelveticaBlkIt.ttf in Resources */,
				1F8D1C042BB65DB5001286DF /* Preview Assets.xcassets in Resources */,
				1FA4898B2C2A4B6B005A329E /* HelveticaNeueUltraLight.ttf in Resources */,
				1FA489952C2A4B6B005A329E /* HelveticaNeueMedium.ttf in Resources */,
				1FA489912C2A4B6B005A329E /* HelveticaNeueLight.ttf in Resources */,
				1FA489882C2A4B6B005A329E /* HelveticaNeueBoldItalic.ttf in Resources */,
				1FA4898D2C2A4B6B005A329E /* HelveticaNeueCondensedBlack.ttf in Resources */,
				1FA4898C2C2A4B6B005A329E /* HelveticaNeueLightItalic.ttf in Resources */,
				1FA489902C2A4B6B005A329E /* HelveticaNeueBold.ttf in Resources */,
				1FA4898E2C2A4B6B005A329E /* HelveticaNeueUltraLightItal.ttf in Resources */,
				1F8D1C012BB65DB5001286DF /* Assets.xcassets in Resources */,
				1F91B3EE2C2BA1330000D63B /* Localizable.xcstrings in Resources */,
				1FA4898F2C2A4B6B005A329E /* HelveticaNeueItalic.ttf in Resources */,
			);
			runOnlyForDeploymentPostprocessing = 0;
		};
		1F8D1C072BB65DB5001286DF /* Resources */ = {
			isa = PBXResourcesBuildPhase;
			buildActionMask = 2147483647;
			files = (
			);
			runOnlyForDeploymentPostprocessing = 0;
		};
		1F8D1C112BB65DB5001286DF /* Resources */ = {
			isa = PBXResourcesBuildPhase;
			buildActionMask = 2147483647;
			files = (
			);
			runOnlyForDeploymentPostprocessing = 0;
		};
		1FDE89012BC752A000FC0CC9 /* Resources */ = {
			isa = PBXResourcesBuildPhase;
			buildActionMask = 2147483647;
			files = (
				1FDE890D2BC752A200FC0CC9 /* Preview Assets.xcassets in Resources */,
				1FDE890A2BC752A200FC0CC9 /* Assets.xcassets in Resources */,
			);
			runOnlyForDeploymentPostprocessing = 0;
		};
		1FDE89102BC752A200FC0CC9 /* Resources */ = {
			isa = PBXResourcesBuildPhase;
			buildActionMask = 2147483647;
			files = (
			);
			runOnlyForDeploymentPostprocessing = 0;
		};
		1FDE891A2BC752A200FC0CC9 /* Resources */ = {
			isa = PBXResourcesBuildPhase;
			buildActionMask = 2147483647;
			files = (
			);
			runOnlyForDeploymentPostprocessing = 0;
		};
/* End PBXResourcesBuildPhase section */

/* Begin PBXSourcesBuildPhase section */
		1F8D1BF52BB65DB4001286DF /* Sources */ = {
			isa = PBXSourcesBuildPhase;
			buildActionMask = 2147483647;
			files = (
				1F9983B12BE4831300B38C24 /* FetchPaymentByNameUseCase.swift in Sources */,
				1FA3C0042C215A5B00A5851B /* UpdatePaymentUseCase.swift in Sources */,
				1FDFC5392BB7DDE9006CE24C /* BalanceView.swift in Sources */,
				1FB8DCFA2C3202E70025E79C /* AppState.swift in Sources */,
				1FDFC53C2BB7DFAC006CE24C /* PaymentsTransactionsListView.swift in Sources */,
				1FA3C0022C21596700A5851B /* UpdatePaymentVM.swift in Sources */,
				1F97A3E02C50C5F50044C842 /* RecurringRegistryDTO.swift in Sources */,
				1FCFE12F2C3278880055C2EF /* ChartView.swift in Sources */,
				1F96C6C32BBBAF590089578D /* AddPaymentView.swift in Sources */,
				1FDE89372BC7AD3400FC0CC9 /* CalendarSectionView.swift in Sources */,
				1F9983B72BE4842000B38C24 /* PaymentTransactionBase.swift in Sources */,
				1F93A5922BC9C553006A5300 /* CalendarSectionVM.swift in Sources */,
				1F9E03E82C059E2E0092CAC6 /* String+Formatter.swift in Sources */,
				1F88C36F2BE6C11F00B0DC56 /* LoadingButtonView.swift in Sources */,
				1F88C3732BE6E07C00B0DC56 /* FetchPaymentByDateVM.swift in Sources */,
				1FD689242C2BCE15008ED3C5 /* OnboardingCarouselView.swift in Sources */,
				1F9125DC2BE871A500A225AE /* PaymentDetailsVM.swift in Sources */,
				1FAD58312C4F322C00B18E78 /* DailyExpensesChartView.swift in Sources */,
				1F8D1BFD2BB65DB4001286DF /* SavingsAppApp.swift in Sources */,
				1F9983A92BE47F6E00B38C24 /* RegisterPaymentVM.swift in Sources */,
				1F8B6D872BC24A4B0008450A /* PaymentDetailsView.swift in Sources */,
				1FA489992C2A60F0005A329E /* CustomFonts.swift in Sources */,
				1FB8DCF82C31CBFD0025E79C /* Color+Formatter.swift in Sources */,
				1F9983B32BE4832100B38C24 /* FetchPaymentByDateUseCase.swift in Sources */,
				1F9125D42BE8306300A225AE /* PaymentRegistryDTO.swift in Sources */,
				1F93A5952BC9C70B006A5300 /* Date+Formatter.swift in Sources */,
				1FDFC5352BB76947006CE24C /* SmartSavingsMainView.swift in Sources */,
				1FD6891E2C2BBADD008ED3C5 /* OnboardingView.swift in Sources */,
				1F9983B52BE4833A00B38C24 /* DeletePaymentUseCase.swift in Sources */,
				1F97A3DB2C509F750044C842 /* RegisterRecurringPayment.swift in Sources */,
				1F9983AF2BE482FB00B38C24 /* RegisterPaymentUseCase.swift in Sources */,
				1FCFE12C2C325ADA0055C2EF /* DemoBalance.swift in Sources */,
			);
			runOnlyForDeploymentPostprocessing = 0;
		};
		1F8D1C052BB65DB5001286DF /* Sources */ = {
			isa = PBXSourcesBuildPhase;
			buildActionMask = 2147483647;
			files = (
				1F8D1C0E2BB65DB5001286DF /* SavingsAppTests.swift in Sources */,
				1F8EC0382C0E3E2600EEC352 /* CalendarSectionTests.swift in Sources */,
			);
			runOnlyForDeploymentPostprocessing = 0;
		};
		1F8D1C0F2BB65DB5001286DF /* Sources */ = {
			isa = PBXSourcesBuildPhase;
			buildActionMask = 2147483647;
			files = (
				1F8D1C1A2BB65DB5001286DF /* SavingsAppUITestsLaunchTests.swift in Sources */,
				1F8D1C182BB65DB5001286DF /* SavingsAppUITests.swift in Sources */,
			);
			runOnlyForDeploymentPostprocessing = 0;
		};
		1FDE88FF2BC752A000FC0CC9 /* Sources */ = {
			isa = PBXSourcesBuildPhase;
			buildActionMask = 2147483647;
			files = (
				1FDE89082BC752A000FC0CC9 /* ContentView.swift in Sources */,
				1FDE89062BC752A000FC0CC9 /* SavingsWatchAppApp.swift in Sources */,
			);
			runOnlyForDeploymentPostprocessing = 0;
		};
		1FDE890E2BC752A200FC0CC9 /* Sources */ = {
			isa = PBXSourcesBuildPhase;
			buildActionMask = 2147483647;
			files = (
				1FDE89172BC752A200FC0CC9 /* SavingsWatchApp_Watch_AppTests.swift in Sources */,
			);
			runOnlyForDeploymentPostprocessing = 0;
		};
		1FDE89182BC752A200FC0CC9 /* Sources */ = {
			isa = PBXSourcesBuildPhase;
			buildActionMask = 2147483647;
			files = (
				1FDE89232BC752A200FC0CC9 /* SavingsWatchApp_Watch_AppUITestsLaunchTests.swift in Sources */,
				1FDE89212BC752A200FC0CC9 /* SavingsWatchApp_Watch_AppUITests.swift in Sources */,
			);
			runOnlyForDeploymentPostprocessing = 0;
		};
/* End PBXSourcesBuildPhase section */

/* Begin PBXTargetDependency section */
		1F8D1C0B2BB65DB5001286DF /* PBXTargetDependency */ = {
			isa = PBXTargetDependency;
			target = 1F8D1BF82BB65DB4001286DF /* SavingsApp */;
			targetProxy = 1F8D1C0A2BB65DB5001286DF /* PBXContainerItemProxy */;
		};
		1F8D1C152BB65DB5001286DF /* PBXTargetDependency */ = {
			isa = PBXTargetDependency;
			target = 1F8D1BF82BB65DB4001286DF /* SavingsApp */;
			targetProxy = 1F8D1C142BB65DB5001286DF /* PBXContainerItemProxy */;
		};
		1FDE89142BC752A200FC0CC9 /* PBXTargetDependency */ = {
			isa = PBXTargetDependency;
			target = 1FDE89022BC752A000FC0CC9 /* SavingsWatchApp Watch App */;
			targetProxy = 1FDE89132BC752A200FC0CC9 /* PBXContainerItemProxy */;
		};
		1FDE891E2BC752A200FC0CC9 /* PBXTargetDependency */ = {
			isa = PBXTargetDependency;
			target = 1FDE89022BC752A000FC0CC9 /* SavingsWatchApp Watch App */;
			targetProxy = 1FDE891D2BC752A200FC0CC9 /* PBXContainerItemProxy */;
		};
		1FDE89252BC752A200FC0CC9 /* PBXTargetDependency */ = {
			isa = PBXTargetDependency;
			target = 1FDE89022BC752A000FC0CC9 /* SavingsWatchApp Watch App */;
			targetProxy = 1FDE89242BC752A200FC0CC9 /* PBXContainerItemProxy */;
		};
/* End PBXTargetDependency section */

/* Begin XCBuildConfiguration section */
		1F8D1C1B2BB65DB5001286DF /* Debug */ = {
			isa = XCBuildConfiguration;
			buildSettings = {
				ALWAYS_SEARCH_USER_PATHS = NO;
				ASSETCATALOG_COMPILER_GENERATE_SWIFT_ASSET_SYMBOL_EXTENSIONS = YES;
				CLANG_ANALYZER_NONNULL = YES;
				CLANG_ANALYZER_NUMBER_OBJECT_CONVERSION = YES_AGGRESSIVE;
				CLANG_CXX_LANGUAGE_STANDARD = "gnu++20";
				CLANG_ENABLE_MODULES = YES;
				CLANG_ENABLE_OBJC_ARC = YES;
				CLANG_ENABLE_OBJC_WEAK = YES;
				CLANG_WARN_BLOCK_CAPTURE_AUTORELEASING = YES;
				CLANG_WARN_BOOL_CONVERSION = YES;
				CLANG_WARN_COMMA = YES;
				CLANG_WARN_CONSTANT_CONVERSION = YES;
				CLANG_WARN_DEPRECATED_OBJC_IMPLEMENTATIONS = YES;
				CLANG_WARN_DIRECT_OBJC_ISA_USAGE = YES_ERROR;
				CLANG_WARN_DOCUMENTATION_COMMENTS = YES;
				CLANG_WARN_EMPTY_BODY = YES;
				CLANG_WARN_ENUM_CONVERSION = YES;
				CLANG_WARN_INFINITE_RECURSION = YES;
				CLANG_WARN_INT_CONVERSION = YES;
				CLANG_WARN_NON_LITERAL_NULL_CONVERSION = YES;
				CLANG_WARN_OBJC_IMPLICIT_RETAIN_SELF = YES;
				CLANG_WARN_OBJC_LITERAL_CONVERSION = YES;
				CLANG_WARN_OBJC_ROOT_CLASS = YES_ERROR;
				CLANG_WARN_QUOTED_INCLUDE_IN_FRAMEWORK_HEADER = YES;
				CLANG_WARN_RANGE_LOOP_ANALYSIS = YES;
				CLANG_WARN_STRICT_PROTOTYPES = YES;
				CLANG_WARN_SUSPICIOUS_MOVE = YES;
				CLANG_WARN_UNGUARDED_AVAILABILITY = YES_AGGRESSIVE;
				CLANG_WARN_UNREACHABLE_CODE = YES;
				CLANG_WARN__DUPLICATE_METHOD_MATCH = YES;
				COPY_PHASE_STRIP = NO;
				DEBUG_INFORMATION_FORMAT = dwarf;
				ENABLE_STRICT_OBJC_MSGSEND = YES;
				ENABLE_TESTABILITY = YES;
				ENABLE_USER_SCRIPT_SANDBOXING = YES;
				GCC_C_LANGUAGE_STANDARD = gnu17;
				GCC_DYNAMIC_NO_PIC = NO;
				GCC_NO_COMMON_BLOCKS = YES;
				GCC_OPTIMIZATION_LEVEL = 0;
				GCC_PREPROCESSOR_DEFINITIONS = (
					"DEBUG=1",
					"$(inherited)",
				);
				GCC_WARN_64_TO_32_BIT_CONVERSION = YES;
				GCC_WARN_ABOUT_RETURN_TYPE = YES_ERROR;
				GCC_WARN_UNDECLARED_SELECTOR = YES;
				GCC_WARN_UNINITIALIZED_AUTOS = YES_AGGRESSIVE;
				GCC_WARN_UNUSED_FUNCTION = YES;
				GCC_WARN_UNUSED_VARIABLE = YES;
				IPHONEOS_DEPLOYMENT_TARGET = 17.4;
				LOCALIZATION_PREFERS_STRING_CATALOGS = YES;
				MTL_ENABLE_DEBUG_INFO = INCLUDE_SOURCE;
				MTL_FAST_MATH = YES;
				ONLY_ACTIVE_ARCH = YES;
				SDKROOT = iphoneos;
				SWIFT_ACTIVE_COMPILATION_CONDITIONS = "DEBUG $(inherited)";
				SWIFT_OPTIMIZATION_LEVEL = "-Onone";
			};
			name = Debug;
		};
		1F8D1C1C2BB65DB5001286DF /* Release */ = {
			isa = XCBuildConfiguration;
			buildSettings = {
				ALWAYS_SEARCH_USER_PATHS = NO;
				ASSETCATALOG_COMPILER_GENERATE_SWIFT_ASSET_SYMBOL_EXTENSIONS = YES;
				CLANG_ANALYZER_NONNULL = YES;
				CLANG_ANALYZER_NUMBER_OBJECT_CONVERSION = YES_AGGRESSIVE;
				CLANG_CXX_LANGUAGE_STANDARD = "gnu++20";
				CLANG_ENABLE_MODULES = YES;
				CLANG_ENABLE_OBJC_ARC = YES;
				CLANG_ENABLE_OBJC_WEAK = YES;
				CLANG_WARN_BLOCK_CAPTURE_AUTORELEASING = YES;
				CLANG_WARN_BOOL_CONVERSION = YES;
				CLANG_WARN_COMMA = YES;
				CLANG_WARN_CONSTANT_CONVERSION = YES;
				CLANG_WARN_DEPRECATED_OBJC_IMPLEMENTATIONS = YES;
				CLANG_WARN_DIRECT_OBJC_ISA_USAGE = YES_ERROR;
				CLANG_WARN_DOCUMENTATION_COMMENTS = YES;
				CLANG_WARN_EMPTY_BODY = YES;
				CLANG_WARN_ENUM_CONVERSION = YES;
				CLANG_WARN_INFINITE_RECURSION = YES;
				CLANG_WARN_INT_CONVERSION = YES;
				CLANG_WARN_NON_LITERAL_NULL_CONVERSION = YES;
				CLANG_WARN_OBJC_IMPLICIT_RETAIN_SELF = YES;
				CLANG_WARN_OBJC_LITERAL_CONVERSION = YES;
				CLANG_WARN_OBJC_ROOT_CLASS = YES_ERROR;
				CLANG_WARN_QUOTED_INCLUDE_IN_FRAMEWORK_HEADER = YES;
				CLANG_WARN_RANGE_LOOP_ANALYSIS = YES;
				CLANG_WARN_STRICT_PROTOTYPES = YES;
				CLANG_WARN_SUSPICIOUS_MOVE = YES;
				CLANG_WARN_UNGUARDED_AVAILABILITY = YES_AGGRESSIVE;
				CLANG_WARN_UNREACHABLE_CODE = YES;
				CLANG_WARN__DUPLICATE_METHOD_MATCH = YES;
				COPY_PHASE_STRIP = NO;
				DEBUG_INFORMATION_FORMAT = "dwarf-with-dsym";
				ENABLE_NS_ASSERTIONS = NO;
				ENABLE_STRICT_OBJC_MSGSEND = YES;
				ENABLE_USER_SCRIPT_SANDBOXING = YES;
				GCC_C_LANGUAGE_STANDARD = gnu17;
				GCC_NO_COMMON_BLOCKS = YES;
				GCC_WARN_64_TO_32_BIT_CONVERSION = YES;
				GCC_WARN_ABOUT_RETURN_TYPE = YES_ERROR;
				GCC_WARN_UNDECLARED_SELECTOR = YES;
				GCC_WARN_UNINITIALIZED_AUTOS = YES_AGGRESSIVE;
				GCC_WARN_UNUSED_FUNCTION = YES;
				GCC_WARN_UNUSED_VARIABLE = YES;
				IPHONEOS_DEPLOYMENT_TARGET = 17.4;
				LOCALIZATION_PREFERS_STRING_CATALOGS = YES;
				MTL_ENABLE_DEBUG_INFO = NO;
				MTL_FAST_MATH = YES;
				SDKROOT = iphoneos;
				SWIFT_COMPILATION_MODE = wholemodule;
				VALIDATE_PRODUCT = YES;
			};
			name = Release;
		};
		1F8D1C1E2BB65DB5001286DF /* Debug */ = {
			isa = XCBuildConfiguration;
			buildSettings = {
				ALWAYS_EMBED_SWIFT_STANDARD_LIBRARIES = YES;
				ASSETCATALOG_COMPILER_APPICON_NAME = AppIcon;
				ASSETCATALOG_COMPILER_GLOBAL_ACCENT_COLOR_NAME = AccentColor;
				CODE_SIGN_STYLE = Automatic;
				CURRENT_PROJECT_VERSION = 1;
				DEVELOPMENT_ASSET_PATHS = "\"SavingsApp/Preview Content\"";
				DEVELOPMENT_TEAM = SNTB2L8C6Q;
				ENABLE_PREVIEWS = YES;
				GENERATE_INFOPLIST_FILE = YES;
				INFOPLIST_FILE = SavingsApp/Info.plist;
				INFOPLIST_KEY_UIApplicationSceneManifest_Generation = YES;
				INFOPLIST_KEY_UIApplicationSupportsIndirectInputEvents = YES;
				INFOPLIST_KEY_UILaunchScreen_Generation = YES;
				INFOPLIST_KEY_UISupportedInterfaceOrientations_iPad = "UIInterfaceOrientationPortrait UIInterfaceOrientationPortraitUpsideDown UIInterfaceOrientationLandscapeLeft UIInterfaceOrientationLandscapeRight";
				INFOPLIST_KEY_UISupportedInterfaceOrientations_iPhone = "UIInterfaceOrientationPortrait UIInterfaceOrientationLandscapeLeft UIInterfaceOrientationLandscapeRight";
				LD_RUNPATH_SEARCH_PATHS = (
					"$(inherited)",
					"@executable_path/Frameworks",
				);
				MARKETING_VERSION = 1.0;
				PRODUCT_BUNDLE_IDENTIFIER = com.hcdev.SavingsApp;
				PRODUCT_NAME = "$(TARGET_NAME)";
				SWIFT_EMIT_LOC_STRINGS = YES;
				SWIFT_VERSION = 5.0;
				TARGETED_DEVICE_FAMILY = "1,2";
			};
			name = Debug;
		};
		1F8D1C1F2BB65DB5001286DF /* Release */ = {
			isa = XCBuildConfiguration;
			buildSettings = {
				ALWAYS_EMBED_SWIFT_STANDARD_LIBRARIES = YES;
				ASSETCATALOG_COMPILER_APPICON_NAME = AppIcon;
				ASSETCATALOG_COMPILER_GLOBAL_ACCENT_COLOR_NAME = AccentColor;
				CODE_SIGN_STYLE = Automatic;
				CURRENT_PROJECT_VERSION = 1;
				DEVELOPMENT_ASSET_PATHS = "\"SavingsApp/Preview Content\"";
				DEVELOPMENT_TEAM = SNTB2L8C6Q;
				ENABLE_PREVIEWS = YES;
				GENERATE_INFOPLIST_FILE = YES;
				INFOPLIST_FILE = SavingsApp/Info.plist;
				INFOPLIST_KEY_UIApplicationSceneManifest_Generation = YES;
				INFOPLIST_KEY_UIApplicationSupportsIndirectInputEvents = YES;
				INFOPLIST_KEY_UILaunchScreen_Generation = YES;
				INFOPLIST_KEY_UISupportedInterfaceOrientations_iPad = "UIInterfaceOrientationPortrait UIInterfaceOrientationPortraitUpsideDown UIInterfaceOrientationLandscapeLeft UIInterfaceOrientationLandscapeRight";
				INFOPLIST_KEY_UISupportedInterfaceOrientations_iPhone = "UIInterfaceOrientationPortrait UIInterfaceOrientationLandscapeLeft UIInterfaceOrientationLandscapeRight";
				LD_RUNPATH_SEARCH_PATHS = (
					"$(inherited)",
					"@executable_path/Frameworks",
				);
				MARKETING_VERSION = 1.0;
				PRODUCT_BUNDLE_IDENTIFIER = com.hcdev.SavingsApp;
				PRODUCT_NAME = "$(TARGET_NAME)";
				SWIFT_EMIT_LOC_STRINGS = YES;
				SWIFT_VERSION = 5.0;
				TARGETED_DEVICE_FAMILY = "1,2";
			};
			name = Release;
		};
		1F8D1C212BB65DB5001286DF /* Debug */ = {
			isa = XCBuildConfiguration;
			buildSettings = {
				ALWAYS_EMBED_SWIFT_STANDARD_LIBRARIES = YES;
				BUNDLE_LOADER = "$(TEST_HOST)";
				CODE_SIGN_STYLE = Automatic;
				CURRENT_PROJECT_VERSION = 1;
				DEVELOPMENT_TEAM = SNTB2L8C6Q;
				GENERATE_INFOPLIST_FILE = YES;
				IPHONEOS_DEPLOYMENT_TARGET = 17.4;
				MARKETING_VERSION = 1.0;
				PRODUCT_BUNDLE_IDENTIFIER = com.hcdev.SavingsAppTests;
				PRODUCT_NAME = "$(TARGET_NAME)";
				SWIFT_EMIT_LOC_STRINGS = NO;
				SWIFT_VERSION = 5.0;
				TARGETED_DEVICE_FAMILY = "1,2";
				TEST_HOST = "$(BUILT_PRODUCTS_DIR)/SavingsApp.app/$(BUNDLE_EXECUTABLE_FOLDER_PATH)/SavingsApp";
			};
			name = Debug;
		};
		1F8D1C222BB65DB5001286DF /* Release */ = {
			isa = XCBuildConfiguration;
			buildSettings = {
				ALWAYS_EMBED_SWIFT_STANDARD_LIBRARIES = YES;
				BUNDLE_LOADER = "$(TEST_HOST)";
				CODE_SIGN_STYLE = Automatic;
				CURRENT_PROJECT_VERSION = 1;
				DEVELOPMENT_TEAM = SNTB2L8C6Q;
				GENERATE_INFOPLIST_FILE = YES;
				IPHONEOS_DEPLOYMENT_TARGET = 17.4;
				MARKETING_VERSION = 1.0;
				PRODUCT_BUNDLE_IDENTIFIER = com.hcdev.SavingsAppTests;
				PRODUCT_NAME = "$(TARGET_NAME)";
				SWIFT_EMIT_LOC_STRINGS = NO;
				SWIFT_VERSION = 5.0;
				TARGETED_DEVICE_FAMILY = "1,2";
				TEST_HOST = "$(BUILT_PRODUCTS_DIR)/SavingsApp.app/$(BUNDLE_EXECUTABLE_FOLDER_PATH)/SavingsApp";
			};
			name = Release;
		};
		1F8D1C242BB65DB5001286DF /* Debug */ = {
			isa = XCBuildConfiguration;
			buildSettings = {
				ALWAYS_EMBED_SWIFT_STANDARD_LIBRARIES = YES;
				CODE_SIGN_STYLE = Automatic;
				CURRENT_PROJECT_VERSION = 1;
				DEVELOPMENT_TEAM = SNTB2L8C6Q;
				GENERATE_INFOPLIST_FILE = YES;
				MARKETING_VERSION = 1.0;
				PRODUCT_BUNDLE_IDENTIFIER = com.hcdev.SavingsAppUITests;
				PRODUCT_NAME = "$(TARGET_NAME)";
				SWIFT_EMIT_LOC_STRINGS = NO;
				SWIFT_VERSION = 5.0;
				TARGETED_DEVICE_FAMILY = "1,2";
				TEST_TARGET_NAME = SavingsApp;
			};
			name = Debug;
		};
		1F8D1C252BB65DB5001286DF /* Release */ = {
			isa = XCBuildConfiguration;
			buildSettings = {
				ALWAYS_EMBED_SWIFT_STANDARD_LIBRARIES = YES;
				CODE_SIGN_STYLE = Automatic;
				CURRENT_PROJECT_VERSION = 1;
				DEVELOPMENT_TEAM = SNTB2L8C6Q;
				GENERATE_INFOPLIST_FILE = YES;
				MARKETING_VERSION = 1.0;
				PRODUCT_BUNDLE_IDENTIFIER = com.hcdev.SavingsAppUITests;
				PRODUCT_NAME = "$(TARGET_NAME)";
				SWIFT_EMIT_LOC_STRINGS = NO;
				SWIFT_VERSION = 5.0;
				TARGETED_DEVICE_FAMILY = "1,2";
				TEST_TARGET_NAME = SavingsApp;
			};
			name = Release;
		};
		1FDE89282BC752A200FC0CC9 /* Debug */ = {
			isa = XCBuildConfiguration;
			buildSettings = {
				ASSETCATALOG_COMPILER_APPICON_NAME = AppIcon;
				ASSETCATALOG_COMPILER_GLOBAL_ACCENT_COLOR_NAME = AccentColor;
				CODE_SIGN_STYLE = Automatic;
				CURRENT_PROJECT_VERSION = 1;
				DEVELOPMENT_ASSET_PATHS = "\"SavingsWatchApp Watch App/Preview Content\"";
				DEVELOPMENT_TEAM = SNTB2L8C6Q;
				ENABLE_PREVIEWS = YES;
				GENERATE_INFOPLIST_FILE = YES;
				INFOPLIST_KEY_CFBundleDisplayName = SavingsWatchApp;
				INFOPLIST_KEY_UISupportedInterfaceOrientations = "UIInterfaceOrientationPortrait UIInterfaceOrientationPortraitUpsideDown";
				INFOPLIST_KEY_WKCompanionAppBundleIdentifier = com.hcdev.SavingsApp;
				LD_RUNPATH_SEARCH_PATHS = (
					"$(inherited)",
					"@executable_path/Frameworks",
				);
				MARKETING_VERSION = 1.0;
				PRODUCT_BUNDLE_IDENTIFIER = com.hcdev.SavingsApp.watchkitapp;
				PRODUCT_NAME = "$(TARGET_NAME)";
				SDKROOT = watchos;
				SKIP_INSTALL = YES;
				SWIFT_EMIT_LOC_STRINGS = YES;
				SWIFT_VERSION = 5.0;
				TARGETED_DEVICE_FAMILY = 4;
				WATCHOS_DEPLOYMENT_TARGET = 10.4;
			};
			name = Debug;
		};
		1FDE89292BC752A200FC0CC9 /* Release */ = {
			isa = XCBuildConfiguration;
			buildSettings = {
				ASSETCATALOG_COMPILER_APPICON_NAME = AppIcon;
				ASSETCATALOG_COMPILER_GLOBAL_ACCENT_COLOR_NAME = AccentColor;
				CODE_SIGN_STYLE = Automatic;
				CURRENT_PROJECT_VERSION = 1;
				DEVELOPMENT_ASSET_PATHS = "\"SavingsWatchApp Watch App/Preview Content\"";
				DEVELOPMENT_TEAM = SNTB2L8C6Q;
				ENABLE_PREVIEWS = YES;
				GENERATE_INFOPLIST_FILE = YES;
				INFOPLIST_KEY_CFBundleDisplayName = SavingsWatchApp;
				INFOPLIST_KEY_UISupportedInterfaceOrientations = "UIInterfaceOrientationPortrait UIInterfaceOrientationPortraitUpsideDown";
				INFOPLIST_KEY_WKCompanionAppBundleIdentifier = com.hcdev.SavingsApp;
				LD_RUNPATH_SEARCH_PATHS = (
					"$(inherited)",
					"@executable_path/Frameworks",
				);
				MARKETING_VERSION = 1.0;
				PRODUCT_BUNDLE_IDENTIFIER = com.hcdev.SavingsApp.watchkitapp;
				PRODUCT_NAME = "$(TARGET_NAME)";
				SDKROOT = watchos;
				SKIP_INSTALL = YES;
				SWIFT_EMIT_LOC_STRINGS = YES;
				SWIFT_VERSION = 5.0;
				TARGETED_DEVICE_FAMILY = 4;
				WATCHOS_DEPLOYMENT_TARGET = 10.4;
			};
			name = Release;
		};
		1FDE892A2BC752A200FC0CC9 /* Debug */ = {
			isa = XCBuildConfiguration;
			buildSettings = {
				ALWAYS_EMBED_SWIFT_STANDARD_LIBRARIES = YES;
				BUNDLE_LOADER = "$(TEST_HOST)";
				CODE_SIGN_STYLE = Automatic;
				CURRENT_PROJECT_VERSION = 1;
				DEVELOPMENT_TEAM = SNTB2L8C6Q;
				GENERATE_INFOPLIST_FILE = YES;
				MARKETING_VERSION = 1.0;
				PRODUCT_BUNDLE_IDENTIFIER = "com.hcdv.SavingsWatchApp-Watch-AppTests";
				PRODUCT_NAME = "$(TARGET_NAME)";
				SDKROOT = watchos;
				SWIFT_EMIT_LOC_STRINGS = NO;
				SWIFT_VERSION = 5.0;
				TARGETED_DEVICE_FAMILY = 4;
				TEST_HOST = "$(BUILT_PRODUCTS_DIR)/SavingsWatchApp Watch App.app/$(BUNDLE_EXECUTABLE_FOLDER_PATH)/SavingsWatchApp Watch App";
				WATCHOS_DEPLOYMENT_TARGET = 10.4;
			};
			name = Debug;
		};
		1FDE892B2BC752A200FC0CC9 /* Release */ = {
			isa = XCBuildConfiguration;
			buildSettings = {
				ALWAYS_EMBED_SWIFT_STANDARD_LIBRARIES = YES;
				BUNDLE_LOADER = "$(TEST_HOST)";
				CODE_SIGN_STYLE = Automatic;
				CURRENT_PROJECT_VERSION = 1;
				DEVELOPMENT_TEAM = SNTB2L8C6Q;
				GENERATE_INFOPLIST_FILE = YES;
				MARKETING_VERSION = 1.0;
				PRODUCT_BUNDLE_IDENTIFIER = "com.hcdv.SavingsWatchApp-Watch-AppTests";
				PRODUCT_NAME = "$(TARGET_NAME)";
				SDKROOT = watchos;
				SWIFT_EMIT_LOC_STRINGS = NO;
				SWIFT_VERSION = 5.0;
				TARGETED_DEVICE_FAMILY = 4;
				TEST_HOST = "$(BUILT_PRODUCTS_DIR)/SavingsWatchApp Watch App.app/$(BUNDLE_EXECUTABLE_FOLDER_PATH)/SavingsWatchApp Watch App";
				WATCHOS_DEPLOYMENT_TARGET = 10.4;
			};
			name = Release;
		};
		1FDE892C2BC752A200FC0CC9 /* Debug */ = {
			isa = XCBuildConfiguration;
			buildSettings = {
				ALWAYS_EMBED_SWIFT_STANDARD_LIBRARIES = YES;
				CODE_SIGN_STYLE = Automatic;
				CURRENT_PROJECT_VERSION = 1;
				DEVELOPMENT_TEAM = SNTB2L8C6Q;
				GENERATE_INFOPLIST_FILE = YES;
				MARKETING_VERSION = 1.0;
				PRODUCT_BUNDLE_IDENTIFIER = "com.hcdv.SavingsWatchApp-Watch-AppUITests";
				PRODUCT_NAME = "$(TARGET_NAME)";
				SDKROOT = watchos;
				SWIFT_EMIT_LOC_STRINGS = NO;
				SWIFT_VERSION = 5.0;
				TARGETED_DEVICE_FAMILY = 4;
				TEST_TARGET_NAME = "SavingsWatchApp Watch App";
				WATCHOS_DEPLOYMENT_TARGET = 10.4;
			};
			name = Debug;
		};
		1FDE892D2BC752A200FC0CC9 /* Release */ = {
			isa = XCBuildConfiguration;
			buildSettings = {
				ALWAYS_EMBED_SWIFT_STANDARD_LIBRARIES = YES;
				CODE_SIGN_STYLE = Automatic;
				CURRENT_PROJECT_VERSION = 1;
				DEVELOPMENT_TEAM = SNTB2L8C6Q;
				GENERATE_INFOPLIST_FILE = YES;
				MARKETING_VERSION = 1.0;
				PRODUCT_BUNDLE_IDENTIFIER = "com.hcdv.SavingsWatchApp-Watch-AppUITests";
				PRODUCT_NAME = "$(TARGET_NAME)";
				SDKROOT = watchos;
				SWIFT_EMIT_LOC_STRINGS = NO;
				SWIFT_VERSION = 5.0;
				TARGETED_DEVICE_FAMILY = 4;
				TEST_TARGET_NAME = "SavingsWatchApp Watch App";
				WATCHOS_DEPLOYMENT_TARGET = 10.4;
			};
			name = Release;
		};
/* End XCBuildConfiguration section */

/* Begin XCConfigurationList section */
		1F8D1BF42BB65DB4001286DF /* Build configuration list for PBXProject "SavingsApp" */ = {
			isa = XCConfigurationList;
			buildConfigurations = (
				1F8D1C1B2BB65DB5001286DF /* Debug */,
				1F8D1C1C2BB65DB5001286DF /* Release */,
			);
			defaultConfigurationIsVisible = 0;
			defaultConfigurationName = Release;
		};
		1F8D1C1D2BB65DB5001286DF /* Build configuration list for PBXNativeTarget "SavingsApp" */ = {
			isa = XCConfigurationList;
			buildConfigurations = (
				1F8D1C1E2BB65DB5001286DF /* Debug */,
				1F8D1C1F2BB65DB5001286DF /* Release */,
			);
			defaultConfigurationIsVisible = 0;
			defaultConfigurationName = Release;
		};
		1F8D1C202BB65DB5001286DF /* Build configuration list for PBXNativeTarget "SavingsAppTests" */ = {
			isa = XCConfigurationList;
			buildConfigurations = (
				1F8D1C212BB65DB5001286DF /* Debug */,
				1F8D1C222BB65DB5001286DF /* Release */,
			);
			defaultConfigurationIsVisible = 0;
			defaultConfigurationName = Release;
		};
		1F8D1C232BB65DB5001286DF /* Build configuration list for PBXNativeTarget "SavingsAppUITests" */ = {
			isa = XCConfigurationList;
			buildConfigurations = (
				1F8D1C242BB65DB5001286DF /* Debug */,
				1F8D1C252BB65DB5001286DF /* Release */,
			);
			defaultConfigurationIsVisible = 0;
			defaultConfigurationName = Release;
		};
		1FDE892E2BC752A200FC0CC9 /* Build configuration list for PBXNativeTarget "SavingsWatchApp Watch App" */ = {
			isa = XCConfigurationList;
			buildConfigurations = (
				1FDE89282BC752A200FC0CC9 /* Debug */,
				1FDE89292BC752A200FC0CC9 /* Release */,
			);
			defaultConfigurationIsVisible = 0;
			defaultConfigurationName = Release;
		};
		1FDE892F2BC752A200FC0CC9 /* Build configuration list for PBXNativeTarget "SavingsWatchApp Watch AppTests" */ = {
			isa = XCConfigurationList;
			buildConfigurations = (
				1FDE892A2BC752A200FC0CC9 /* Debug */,
				1FDE892B2BC752A200FC0CC9 /* Release */,
			);
			defaultConfigurationIsVisible = 0;
			defaultConfigurationName = Release;
		};
		1FDE89302BC752A200FC0CC9 /* Build configuration list for PBXNativeTarget "SavingsWatchApp Watch AppUITests" */ = {
			isa = XCConfigurationList;
			buildConfigurations = (
				1FDE892C2BC752A200FC0CC9 /* Debug */,
				1FDE892D2BC752A200FC0CC9 /* Release */,
			);
			defaultConfigurationIsVisible = 0;
			defaultConfigurationName = Release;
		};
/* End XCConfigurationList section */
	};
	rootObject = 1F8D1BF12BB65DB4001286DF /* Project object */;
}
